<?xml version="1.0" encoding="utf-8"?>
<Project ToolsVersion="4.0" xmlns="http://schemas.microsoft.com/developer/msbuild/2003">
  <ItemGroup>
    <Filter Include="Source Files">
      <UniqueIdentifier>{4FC737F1-C7A5-4376-A066-2A32D752A2FF}</UniqueIdentifier>
      <Extensions>cpp;c;cc;cxx;def;odl;idl;hpj;bat;asm;asmx</Extensions>
    </Filter>
    <Filter Include="Header Files">
      <UniqueIdentifier>{93995380-89BD-4b04-88EB-625FBE52EBFB}</UniqueIdentifier>
      <Extensions>h;hh;hpp;hxx;hm;inl;inc;xsd</Extensions>
    </Filter>
    <Filter Include="Resource Files">
      <UniqueIdentifier>{67DA6AB6-F800-4c08-8B7A-83BB121AAD01}</UniqueIdentifier>
      <Extensions>rc;ico;cur;bmp;dlg;rc2;rct;bin;rgs;gif;jpg;jpeg;jpe;resx;tiff;tif;png;wav;mfcribbon-ms</Extensions>
    </Filter>
  </ItemGroup>
  <ItemGroup>
    <ClCompile Include="BaseWindow.cpp">
      <Filter>Source Files</Filter>
    </ClCompile>
    <ClCompile Include="NewInvoiceForm.cpp">
      <Filter>Source Files</Filter>
    </ClCompile>
    <ClCompile Include="SearchForm.cpp">
      <Filter>Source Files</Filter>
    </ClCompile>
    <ClCompile Include="ChangeInvoiceNumberForm.cpp">
      <Filter>Source Files</Filter>
    </ClCompile>
    <ClCompile Include="PhoneNumberSearchForm.cpp">
      <Filter>Source Files</Filter>
    </ClCompile>
    <ClCompile Include="SearchByCustomerNameForm.cpp">
      <Filter>Source Files</Filter>
    </ClCompile>
    <ClCompile Include="ApplyPaymentForm.cpp">
      <Filter>Source Files</Filter>
    </ClCompile>
    <ClCompile Include="SelectInvoiceForm.cpp">
      <Filter>Source Files</Filter>
    </ClCompile>
    <ClCompile Include="PickDateForm.cpp">
      <Filter>Source Files</Filter>
    </ClCompile>
    <ClCompile Include="ViewUnpaidAccounts.cpp">
      <Filter>Source Files</Filter>
    </ClCompile>
    <ClCompile Include="SalespersonSummaryReport.cpp">
      <Filter>Source Files</Filter>
    </ClCompile>
    <ClCompile Include="SalespersonIndividualReport.cpp">
      <Filter>Source Files</Filter>
    </ClCompile>
    <ClCompile Include="SalesTaxReport.cpp">
      <Filter>Source Files</Filter>
    </ClCompile>
    <ClCompile Include="PASSWORD.cpp">
      <Filter>Source Files</Filter>
    </ClCompile>
  </ItemGroup>
  <ItemGroup>
    <ClInclude Include="BaseWindow.h">
      <Filter>Header Files</Filter>
    </ClInclude>
    <ClInclude Include="NewInvoiceForm.h">
      <Filter>Header Files</Filter>
    </ClInclude>
    <ClInclude Include="SearchForm.h">
      <Filter>Header Files</Filter>
    </ClInclude>
    <ClInclude Include="ChangeInvoiceNumberForm.h">
      <Filter>Header Files</Filter>
    </ClInclude>
    <ClInclude Include="PhoneNumberSearchForm.h">
      <Filter>Header Files</Filter>
    </ClInclude>
    <ClInclude Include="SearchByCustomerNameForm.h">
      <Filter>Header Files</Filter>
    </ClInclude>
    <ClInclude Include="ApplyPaymentForm.h">
      <Filter>Header Files</Filter>
    </ClInclude>
    <ClInclude Include="SelectInvoiceForm.h">
      <Filter>Header Files</Filter>
    </ClInclude>
    <ClInclude Include="PickDateForm.h">
      <Filter>Header Files</Filter>
    </ClInclude>
    <ClInclude Include="ViewUnpaidAccounts.h">
      <Filter>Header Files</Filter>
    </ClInclude>
    <ClInclude Include="SalespersonSummaryReport.h">
      <Filter>Header Files</Filter>
    </ClInclude>
    <ClInclude Include="SalespersonIndividualReport.h">
      <Filter>Header Files</Filter>
    </ClInclude>
    <ClInclude Include="SalesTaxReport.h">
      <Filter>Header Files</Filter>
    </ClInclude>
    <ClInclude Include="PASSWORD.h">
      <Filter>Header Files</Filter>
    </ClInclude>
  </ItemGroup>
  <ItemGroup>
    <EmbeddedResource Include="BaseWindow.resx">
      <Filter>Resource Files</Filter>
    </EmbeddedResource>
    <EmbeddedResource Include="NewInvoiceForm.resx">
      <Filter>Resource Files</Filter>
    </EmbeddedResource>
    <EmbeddedResource Include="SearchForm.resx">
      <Filter>Resource Files</Filter>
    </EmbeddedResource>
    <EmbeddedResource Include="ChangeInvoiceNumberForm.resx">
      <Filter>Resource Files</Filter>
    </EmbeddedResource>
    <EmbeddedResource Include="PhoneNumberSearchForm.resx">
      <Filter>Resource Files</Filter>
    </EmbeddedResource>
    <EmbeddedResource Include="SearchByCustomerNameForm.resx">
      <Filter>Resource Files</Filter>
    </EmbeddedResource>
    <EmbeddedResource Include="ApplyPaymentForm.resx">
      <Filter>Resource Files</Filter>
    </EmbeddedResource>
    <EmbeddedResource Include="SelectInvoiceForm.resx">
      <Filter>Resource Files</Filter>
    </EmbeddedResource>
    <EmbeddedResource Include="PickDateForm.resx">
      <Filter>Resource Files</Filter>
    </EmbeddedResource>
    <EmbeddedResource Include="ViewUnpaidAccounts.resx">
      <Filter>Resource Files</Filter>
    </EmbeddedResource>
    <EmbeddedResource Include="SalespersonSummaryReport.resx">
      <Filter>Resource Files</Filter>
    </EmbeddedResource>
    <EmbeddedResource Include="SalespersonIndividualReport.resx">
      <Filter>Resource Files</Filter>
    </EmbeddedResource>
    <EmbeddedResource Include="SalesTaxReport.resx">
      <Filter>Resource Files</Filter>
    </EmbeddedResource>
  </ItemGroup>
  <ItemGroup>
    <ResourceCompile Include="FluidInvoice.rc">
      <Filter>Resource Files</Filter>
    </ResourceCompile>
  </ItemGroup>
</Project>